// !$*UTF8*$!
{
	archiveVersion = 1;
	classes = {
	};
	objectVersion = 56;
	objects = {

/* Begin PBXBuildFile section */
		0B20F3DD2C2C4DAA00F8D62D /* AppDelegate.swift in Sources */ = {isa = PBXBuildFile; fileRef = 0B20F3DC2C2C4DAA00F8D62D /* AppDelegate.swift */; };
		0B20F3DF2C2C4DAA00F8D62D /* SceneDelegate.swift in Sources */ = {isa = PBXBuildFile; fileRef = 0B20F3DE2C2C4DAA00F8D62D /* SceneDelegate.swift */; };
		0B20F3E12C2C4DAA00F8D62D /* ViewController.swift in Sources */ = {isa = PBXBuildFile; fileRef = 0B20F3E02C2C4DAA00F8D62D /* ViewController.swift */; };
		0B20F3E62C2C4DAB00F8D62D /* Assets.xcassets in Resources */ = {isa = PBXBuildFile; fileRef = 0B20F3E52C2C4DAB00F8D62D /* Assets.xcassets */; };
		0B20F3E92C2C4DAB00F8D62D /* Base in Resources */ = {isa = PBXBuildFile; fileRef = 0B20F3E82C2C4DAB00F8D62D /* Base */; };
		0BCD4FA52C363C90006390D2 /* FirebaseMessaging in Frameworks */ = {isa = PBXBuildFile; productRef = 0BCD4FA42C363C90006390D2 /* FirebaseMessaging */; };
		0BFCC5A62C2E843C00B5E0DB /* FSCalendar in Frameworks */ = {isa = PBXBuildFile; productRef = 0BFCC5A52C2E843C00B5E0DB /* FSCalendar */; };
		0BFCC5A92C2E847300B5E0DB /* Moya in Frameworks */ = {isa = PBXBuildFile; productRef = 0BFCC5A82C2E847300B5E0DB /* Moya */; };
		0BFCC5AC2C2E864C00B5E0DB /* SnapKit in Frameworks */ = {isa = PBXBuildFile; productRef = 0BFCC5AB2C2E864C00B5E0DB /* SnapKit */; };
		0BFCC5AF2C2E865B00B5E0DB /* Then in Frameworks */ = {isa = PBXBuildFile; productRef = 0BFCC5AE2C2E865B00B5E0DB /* Then */; };
		0BFCC5B22C2E86EF00B5E0DB /* Lottie in Frameworks */ = {isa = PBXBuildFile; productRef = 0BFCC5B12C2E86EF00B5E0DB /* Lottie */; };
		0BFCC5B92C2E892300B5E0DB /* RxBlocking in Frameworks */ = {isa = PBXBuildFile; productRef = 0BFCC5B82C2E892300B5E0DB /* RxBlocking */; };
		0BFCC5BB2C2E892300B5E0DB /* RxCocoa in Frameworks */ = {isa = PBXBuildFile; productRef = 0BFCC5BA2C2E892300B5E0DB /* RxCocoa */; };
		0BFCC5BD2C2E892300B5E0DB /* RxRelay in Frameworks */ = {isa = PBXBuildFile; productRef = 0BFCC5BC2C2E892300B5E0DB /* RxRelay */; };
		0BFCC5CF2C2E8DAE00B5E0DB /* BaseTargetType.swift in Sources */ = {isa = PBXBuildFile; fileRef = 0BFCC5CE2C2E8DAE00B5E0DB /* BaseTargetType.swift */; };
		0BFCC5DA2C2E8F0200B5E0DB /* CalendarModel.swift in Sources */ = {isa = PBXBuildFile; fileRef = 0BFCC5D92C2E8F0100B5E0DB /* CalendarModel.swift */; };
		0BFCC5DD2C2E8F1300B5E0DB /* CalendarViewController.swift in Sources */ = {isa = PBXBuildFile; fileRef = 0BFCC5DC2C2E8F1300B5E0DB /* CalendarViewController.swift */; };
		0BFCC5DF2C2E8F1F00B5E0DB /* CalendarViewModel.swift in Sources */ = {isa = PBXBuildFile; fileRef = 0BFCC5DE2C2E8F1F00B5E0DB /* CalendarViewModel.swift */; };
		0BFCC5E12C2E8F2800B5E0DB /* CalendarView.swift in Sources */ = {isa = PBXBuildFile; fileRef = 0BFCC5E02C2E8F2800B5E0DB /* CalendarView.swift */; };
		0BFCC5E32C2E8F5400B5E0DB /* CalenderDateCell.swift in Sources */ = {isa = PBXBuildFile; fileRef = 0BFCC5E22C2E8F5400B5E0DB /* CalenderDateCell.swift */; };
		0BFCC5EE2C2F850400B5E0DB /* UIView+.swift in Sources */ = {isa = PBXBuildFile; fileRef = 0BFCC5ED2C2F850400B5E0DB /* UIView+.swift */; };
		0BFCC5F02C2F852D00B5E0DB /* UIStackView+.swift in Sources */ = {isa = PBXBuildFile; fileRef = 0BFCC5EF2C2F852D00B5E0DB /* UIStackView+.swift */; };
		0BFCC5F32C306D3B00B5E0DB /* String.swift in Sources */ = {isa = PBXBuildFile; fileRef = 0BFCC5F22C306D3B00B5E0DB /* String.swift */; };
		2C0B3C822C30DB56002EB1A3 /* UIFont+.swift in Sources */ = {isa = PBXBuildFile; fileRef = 2C0B3C812C30DB56002EB1A3 /* UIFont+.swift */; };
		2C0B3C862C30DD55002EB1A3 /* Pretendard-Medium.otf in Resources */ = {isa = PBXBuildFile; fileRef = 2C0B3C852C30DD55002EB1A3 /* Pretendard-Medium.otf */; };
		2C0B3C882C30DD5B002EB1A3 /* Pretendard-SemiBold.otf in Resources */ = {isa = PBXBuildFile; fileRef = 2C0B3C872C30DD5B002EB1A3 /* Pretendard-SemiBold.otf */; };
		2CE3AB2F2C36E9F50042085A /* Pretendard-Regular.otf in Resources */ = {isa = PBXBuildFile; fileRef = 2CE3AB2E2C36E9F50042085A /* Pretendard-Regular.otf */; };
		95310F722C3C39FE00023C7B /* ClodyNavigationBar.swift in Sources */ = {isa = PBXBuildFile; fileRef = 95310F712C3C39FE00023C7B /* ClodyNavigationBar.swift */; };
		95310F742C3C765C00023C7B /* ClodyTextField.swift in Sources */ = {isa = PBXBuildFile; fileRef = 95310F732C3C765C00023C7B /* ClodyTextField.swift */; };
		95310F762C3C97A800023C7B /* ClodyBottomButton.swift in Sources */ = {isa = PBXBuildFile; fileRef = 95310F752C3C97A800023C7B /* ClodyBottomButton.swift */; };
		95A89E772C36EE4100E07ABC /* BaseView.swift in Sources */ = {isa = PBXBuildFile; fileRef = 95A89E762C36EE4100E07ABC /* BaseView.swift */; };
/* End PBXBuildFile section */

/* Begin PBXFileReference section */
		0B20F3D92C2C4DAA00F8D62D /* Clody_iOS.app */ = {isa = PBXFileReference; explicitFileType = wrapper.application; includeInIndex = 0; path = Clody_iOS.app; sourceTree = BUILT_PRODUCTS_DIR; };
		0B20F3DC2C2C4DAA00F8D62D /* AppDelegate.swift */ = {isa = PBXFileReference; lastKnownFileType = sourcecode.swift; path = AppDelegate.swift; sourceTree = "<group>"; };
		0B20F3DE2C2C4DAA00F8D62D /* SceneDelegate.swift */ = {isa = PBXFileReference; lastKnownFileType = sourcecode.swift; path = SceneDelegate.swift; sourceTree = "<group>"; };
		0B20F3E02C2C4DAA00F8D62D /* ViewController.swift */ = {isa = PBXFileReference; lastKnownFileType = sourcecode.swift; path = ViewController.swift; sourceTree = "<group>"; };
		0B20F3E52C2C4DAB00F8D62D /* Assets.xcassets */ = {isa = PBXFileReference; lastKnownFileType = folder.assetcatalog; path = Assets.xcassets; sourceTree = "<group>"; };
		0B20F3E82C2C4DAB00F8D62D /* Base */ = {isa = PBXFileReference; lastKnownFileType = file.storyboard; name = Base; path = Base.lproj/LaunchScreen.storyboard; sourceTree = "<group>"; };
		0B20F3EA2C2C4DAB00F8D62D /* Info.plist */ = {isa = PBXFileReference; lastKnownFileType = text.plist.xml; path = Info.plist; sourceTree = "<group>"; };
		0BCD4FA22C35B59C006390D2 /* Clody_iOS.entitlements */ = {isa = PBXFileReference; lastKnownFileType = text.plist.entitlements; path = Clody_iOS.entitlements; sourceTree = "<group>"; };
		0BFCC5CE2C2E8DAE00B5E0DB /* BaseTargetType.swift */ = {isa = PBXFileReference; lastKnownFileType = sourcecode.swift; path = BaseTargetType.swift; sourceTree = "<group>"; };
		0BFCC5D92C2E8F0100B5E0DB /* CalendarModel.swift */ = {isa = PBXFileReference; lastKnownFileType = sourcecode.swift; path = CalendarModel.swift; sourceTree = "<group>"; };
		0BFCC5DC2C2E8F1300B5E0DB /* CalendarViewController.swift */ = {isa = PBXFileReference; lastKnownFileType = sourcecode.swift; path = CalendarViewController.swift; sourceTree = "<group>"; };
		0BFCC5DE2C2E8F1F00B5E0DB /* CalendarViewModel.swift */ = {isa = PBXFileReference; lastKnownFileType = sourcecode.swift; path = CalendarViewModel.swift; sourceTree = "<group>"; };
		0BFCC5E02C2E8F2800B5E0DB /* CalendarView.swift */ = {isa = PBXFileReference; lastKnownFileType = sourcecode.swift; path = CalendarView.swift; sourceTree = "<group>"; };
		0BFCC5E22C2E8F5400B5E0DB /* CalenderDateCell.swift */ = {isa = PBXFileReference; lastKnownFileType = sourcecode.swift; path = CalenderDateCell.swift; sourceTree = "<group>"; };
		0BFCC5ED2C2F850400B5E0DB /* UIView+.swift */ = {isa = PBXFileReference; lastKnownFileType = sourcecode.swift; path = "UIView+.swift"; sourceTree = "<group>"; };
		0BFCC5EF2C2F852D00B5E0DB /* UIStackView+.swift */ = {isa = PBXFileReference; lastKnownFileType = sourcecode.swift; path = "UIStackView+.swift"; sourceTree = "<group>"; };
		0BFCC5F22C306D3B00B5E0DB /* String.swift */ = {isa = PBXFileReference; lastKnownFileType = sourcecode.swift; path = String.swift; sourceTree = "<group>"; };
		2C0B3C812C30DB56002EB1A3 /* UIFont+.swift */ = {isa = PBXFileReference; lastKnownFileType = sourcecode.swift; path = "UIFont+.swift"; sourceTree = "<group>"; };
		2C0B3C852C30DD55002EB1A3 /* Pretendard-Medium.otf */ = {isa = PBXFileReference; lastKnownFileType = file; path = "Pretendard-Medium.otf"; sourceTree = "<group>"; };
		2C0B3C872C30DD5B002EB1A3 /* Pretendard-SemiBold.otf */ = {isa = PBXFileReference; lastKnownFileType = file; path = "Pretendard-SemiBold.otf"; sourceTree = "<group>"; };
		2CE3AB2E2C36E9F50042085A /* Pretendard-Regular.otf */ = {isa = PBXFileReference; lastKnownFileType = file; path = "Pretendard-Regular.otf"; sourceTree = "<group>"; };
		95310F712C3C39FE00023C7B /* ClodyNavigationBar.swift */ = {isa = PBXFileReference; lastKnownFileType = sourcecode.swift; path = ClodyNavigationBar.swift; sourceTree = "<group>"; };
		95310F732C3C765C00023C7B /* ClodyTextField.swift */ = {isa = PBXFileReference; lastKnownFileType = sourcecode.swift; path = ClodyTextField.swift; sourceTree = "<group>"; };
		95310F752C3C97A800023C7B /* ClodyBottomButton.swift */ = {isa = PBXFileReference; lastKnownFileType = sourcecode.swift; path = ClodyBottomButton.swift; sourceTree = "<group>"; };
		95A89E762C36EE4100E07ABC /* BaseView.swift */ = {isa = PBXFileReference; lastKnownFileType = sourcecode.swift; path = BaseView.swift; sourceTree = "<group>"; };
/* End PBXFileReference section */

/* Begin PBXFrameworksBuildPhase section */
		0B20F3D62C2C4DAA00F8D62D /* Frameworks */ = {
			isa = PBXFrameworksBuildPhase;
			buildActionMask = 2147483647;
			files = (
				0BCD4FA52C363C90006390D2 /* FirebaseMessaging in Frameworks */,
				0BFCC5B22C2E86EF00B5E0DB /* Lottie in Frameworks */,
				0BFCC5B92C2E892300B5E0DB /* RxBlocking in Frameworks */,
				0BFCC5AC2C2E864C00B5E0DB /* SnapKit in Frameworks */,
				0BFCC5BB2C2E892300B5E0DB /* RxCocoa in Frameworks */,
				0BFCC5A92C2E847300B5E0DB /* Moya in Frameworks */,
				0BFCC5A62C2E843C00B5E0DB /* FSCalendar in Frameworks */,
				0BFCC5BD2C2E892300B5E0DB /* RxRelay in Frameworks */,
				0BFCC5AF2C2E865B00B5E0DB /* Then in Frameworks */,
			);
			runOnlyForDeploymentPostprocessing = 0;
		};
/* End PBXFrameworksBuildPhase section */

/* Begin PBXGroup section */
		0B20F3D02C2C4DAA00F8D62D = {
			isa = PBXGroup;
			children = (
				0B20F3DB2C2C4DAA00F8D62D /* Clody_iOS */,
				0B20F3DA2C2C4DAA00F8D62D /* Products */,
			);
			sourceTree = "<group>";
		};
		0B20F3DA2C2C4DAA00F8D62D /* Products */ = {
			isa = PBXGroup;
			children = (
				0B20F3D92C2C4DAA00F8D62D /* Clody_iOS.app */,
			);
			name = Products;
			sourceTree = "<group>";
		};
		0B20F3DB2C2C4DAA00F8D62D /* Clody_iOS */ = {
			isa = PBXGroup;
			children = (
				0BCD4FA22C35B59C006390D2 /* Clody_iOS.entitlements */,
				0BFCC5BE2C2E8BE900B5E0DB /* Application */,
				0BFCC5BF2C2E8C0000B5E0DB /* Global */,
				0BFCC5C92C2E8D6700B5E0DB /* Network */,
				0BFCC5D02C2E8E3600B5E0DB /* Presentation */,
				0B20F3E02C2C4DAA00F8D62D /* ViewController.swift */,
				0B20F3EA2C2C4DAB00F8D62D /* Info.plist */,
			);
			path = Clody_iOS;
			sourceTree = "<group>";
		};
		0BFCC5BE2C2E8BE900B5E0DB /* Application */ = {
			isa = PBXGroup;
			children = (
				0B20F3DC2C2C4DAA00F8D62D /* AppDelegate.swift */,
				0B20F3DE2C2C4DAA00F8D62D /* SceneDelegate.swift */,
			);
			path = Application;
			sourceTree = "<group>";
		};
		0BFCC5BF2C2E8C0000B5E0DB /* Global */ = {
			isa = PBXGroup;
			children = (
				0BFCC5C02C2E8C1A00B5E0DB /* Extensions */,
				0BFCC5F12C306D1D00B5E0DB /* Literals */,
				0BFCC5C22C2E8C3C00B5E0DB /* Protocols */,
				0BFCC5C32C2E8C4600B5E0DB /* Resources */,
				0BFCC5C42C2E8C5400B5E0DB /* SupportingFiles */,
			);
			path = Global;
			sourceTree = "<group>";
		};
		0BFCC5C02C2E8C1A00B5E0DB /* Extensions */ = {
			isa = PBXGroup;
			children = (
				0BFCC5ED2C2F850400B5E0DB /* UIView+.swift */,
				0BFCC5EF2C2F852D00B5E0DB /* UIStackView+.swift */,
				2C0B3C812C30DB56002EB1A3 /* UIFont+.swift */,
			);
			path = Extensions;
			sourceTree = "<group>";
		};
		0BFCC5C22C2E8C3C00B5E0DB /* Protocols */ = {
			isa = PBXGroup;
			children = (
			);
			path = Protocols;
			sourceTree = "<group>";
		};
		0BFCC5C32C2E8C4600B5E0DB /* Resources */ = {
			isa = PBXGroup;
			children = (
				0BFCC5C62C2E8C9C00B5E0DB /* Font */,
				0B20F3E52C2C4DAB00F8D62D /* Assets.xcassets */,
			);
			path = Resources;
			sourceTree = "<group>";
		};
		0BFCC5C42C2E8C5400B5E0DB /* SupportingFiles */ = {
			isa = PBXGroup;
			children = (
				0BFCC5C52C2E8C5F00B5E0DB /* Base */,
			);
			path = SupportingFiles;
			sourceTree = "<group>";
		};
		0BFCC5C52C2E8C5F00B5E0DB /* Base */ = {
			isa = PBXGroup;
			children = (
				0B20F3E72C2C4DAB00F8D62D /* LaunchScreen.storyboard */,
			);
			path = Base;
			sourceTree = "<group>";
		};
		0BFCC5C62C2E8C9C00B5E0DB /* Font */ = {
			isa = PBXGroup;
			children = (
				2CE3AB2E2C36E9F50042085A /* Pretendard-Regular.otf */,
				2C0B3C872C30DD5B002EB1A3 /* Pretendard-SemiBold.otf */,
				2C0B3C852C30DD55002EB1A3 /* Pretendard-Medium.otf */,
			);
			path = Font;
			sourceTree = "<group>";
		};
		0BFCC5C92C2E8D6700B5E0DB /* Network */ = {
			isa = PBXGroup;
			children = (
				0BFCC5CA2C2E8D7A00B5E0DB /* Base */,
				0BFCC5CB2C2E8D8000B5E0DB /* Environment */,
				0BFCC5CC2C2E8D8C00B5E0DB /* MoyaTarget */,
				0BFCC5CD2C2E8D9400B5E0DB /* Service */,
			);
			path = Network;
			sourceTree = "<group>";
		};
		0BFCC5CA2C2E8D7A00B5E0DB /* Base */ = {
			isa = PBXGroup;
			children = (
				0BFCC5CE2C2E8DAE00B5E0DB /* BaseTargetType.swift */,
			);
			path = Base;
			sourceTree = "<group>";
		};
		0BFCC5CB2C2E8D8000B5E0DB /* Environment */ = {
			isa = PBXGroup;
			children = (
			);
			path = Environment;
			sourceTree = "<group>";
		};
		0BFCC5CC2C2E8D8C00B5E0DB /* MoyaTarget */ = {
			isa = PBXGroup;
			children = (
			);
			path = MoyaTarget;
			sourceTree = "<group>";
		};
		0BFCC5CD2C2E8D9400B5E0DB /* Service */ = {
			isa = PBXGroup;
			children = (
			);
			path = Service;
			sourceTree = "<group>";
		};
		0BFCC5D02C2E8E3600B5E0DB /* Presentation */ = {
			isa = PBXGroup;
			children = (
				95A89E752C36EE2700E07ABC /* Common */,
				0BFCC5D32C2E8E7900B5E0DB /* Calendar */,
			);
			path = Presentation;
			sourceTree = "<group>";
		};
		0BFCC5D12C2E8E5E00B5E0DB /* Base */ = {
			isa = PBXGroup;
			children = (
				95A89E762C36EE4100E07ABC /* BaseView.swift */,
			);
			path = Base;
			sourceTree = "<group>";
		};
		0BFCC5D32C2E8E7900B5E0DB /* Calendar */ = {
			isa = PBXGroup;
			children = (
				0BFCC5D72C2E8EC300B5E0DB /* Models */,
				0BFCC5D52C2E8EB200B5E0DB /* ViewControllers */,
				0BFCC5D62C2E8EBA00B5E0DB /* ViewModels */,
				0BFCC5D42C2E8E9800B5E0DB /* Views */,
				0BFCC5D82C2E8ED600B5E0DB /* Cells */,
			);
			path = Calendar;
			sourceTree = "<group>";
		};
		0BFCC5D42C2E8E9800B5E0DB /* Views */ = {
			isa = PBXGroup;
			children = (
				0BFCC5E02C2E8F2800B5E0DB /* CalendarView.swift */,
			);
			path = Views;
			sourceTree = "<group>";
		};
		0BFCC5D52C2E8EB200B5E0DB /* ViewControllers */ = {
			isa = PBXGroup;
			children = (
				0BFCC5DC2C2E8F1300B5E0DB /* CalendarViewController.swift */,
			);
			path = ViewControllers;
			sourceTree = "<group>";
		};
		0BFCC5D62C2E8EBA00B5E0DB /* ViewModels */ = {
			isa = PBXGroup;
			children = (
				0BFCC5DE2C2E8F1F00B5E0DB /* CalendarViewModel.swift */,
			);
			path = ViewModels;
			sourceTree = "<group>";
		};
		0BFCC5D72C2E8EC300B5E0DB /* Models */ = {
			isa = PBXGroup;
			children = (
				0BFCC5D92C2E8F0100B5E0DB /* CalendarModel.swift */,
			);
			path = Models;
			sourceTree = "<group>";
		};
		0BFCC5D82C2E8ED600B5E0DB /* Cells */ = {
			isa = PBXGroup;
			children = (
				0BFCC5E22C2E8F5400B5E0DB /* CalenderDateCell.swift */,
			);
			path = Cells;
			sourceTree = "<group>";
		};
		0BFCC5F12C306D1D00B5E0DB /* Literals */ = {
			isa = PBXGroup;
			children = (
				0BFCC5F22C306D3B00B5E0DB /* String.swift */,
			);
			path = Literals;
			sourceTree = "<group>";
		};
		95A89E752C36EE2700E07ABC /* Common */ = {
			isa = PBXGroup;
			children = (
				95A89E782C36EE6100E07ABC /* Component */,
				0BFCC5D12C2E8E5E00B5E0DB /* Base */,
			);
			path = Common;
			sourceTree = "<group>";
		};
		95A89E782C36EE6100E07ABC /* Component */ = {
			isa = PBXGroup;
			children = (
				95310F712C3C39FE00023C7B /* ClodyNavigationBar.swift */,
				95310F732C3C765C00023C7B /* ClodyTextField.swift */,
				95310F752C3C97A800023C7B /* ClodyBottomButton.swift */,
			);
			path = Component;
			sourceTree = "<group>";
		};
/* End PBXGroup section */

/* Begin PBXNativeTarget section */
		0B20F3D82C2C4DAA00F8D62D /* Clody_iOS */ = {
			isa = PBXNativeTarget;
			buildConfigurationList = 0B20F3ED2C2C4DAB00F8D62D /* Build configuration list for PBXNativeTarget "Clody_iOS" */;
			buildPhases = (
				0B20F3D52C2C4DAA00F8D62D /* Sources */,
				0B20F3D62C2C4DAA00F8D62D /* Frameworks */,
				0B20F3D72C2C4DAA00F8D62D /* Resources */,
			);
			buildRules = (
			);
			dependencies = (
			);
			name = Clody_iOS;
			packageProductDependencies = (
				0BFCC5A52C2E843C00B5E0DB /* FSCalendar */,
				0BFCC5A82C2E847300B5E0DB /* Moya */,
				0BFCC5AB2C2E864C00B5E0DB /* SnapKit */,
				0BFCC5AE2C2E865B00B5E0DB /* Then */,
				0BFCC5B12C2E86EF00B5E0DB /* Lottie */,
				0BFCC5B82C2E892300B5E0DB /* RxBlocking */,
				0BFCC5BA2C2E892300B5E0DB /* RxCocoa */,
				0BFCC5BC2C2E892300B5E0DB /* RxRelay */,
				0BCD4FA42C363C90006390D2 /* FirebaseMessaging */,
			);
			productName = Clody_iOS;
			productReference = 0B20F3D92C2C4DAA00F8D62D /* Clody_iOS.app */;
			productType = "com.apple.product-type.application";
		};
/* End PBXNativeTarget section */

/* Begin PBXProject section */
		0B20F3D12C2C4DAA00F8D62D /* Project object */ = {
			isa = PBXProject;
			attributes = {
				BuildIndependentTargetsInParallel = 1;
				LastSwiftUpdateCheck = 1530;
				LastUpgradeCheck = 1530;
				TargetAttributes = {
					0B20F3D82C2C4DAA00F8D62D = {
						CreatedOnToolsVersion = 15.3;
					};
				};
			};
			buildConfigurationList = 0B20F3D42C2C4DAA00F8D62D /* Build configuration list for PBXProject "Clody_iOS" */;
			compatibilityVersion = "Xcode 14.0";
			developmentRegion = en;
			hasScannedForEncodings = 0;
			knownRegions = (
				en,
				Base,
			);
			mainGroup = 0B20F3D02C2C4DAA00F8D62D;
			packageReferences = (
				0BFCC5A42C2E843C00B5E0DB /* XCRemoteSwiftPackageReference "FSCalendar" */,
				0BFCC5A72C2E847300B5E0DB /* XCRemoteSwiftPackageReference "Moya" */,
				0BFCC5AA2C2E864C00B5E0DB /* XCRemoteSwiftPackageReference "SnapKit" */,
				0BFCC5AD2C2E865B00B5E0DB /* XCRemoteSwiftPackageReference "Then" */,
				0BFCC5B02C2E86EF00B5E0DB /* XCRemoteSwiftPackageReference "lottie-ios" */,
				0BFCC5B72C2E892300B5E0DB /* XCRemoteSwiftPackageReference "RxSwift" */,
				0BCD4FA32C363C90006390D2 /* XCRemoteSwiftPackageReference "firebase-ios-sdk" */,
			);
			productRefGroup = 0B20F3DA2C2C4DAA00F8D62D /* Products */;
			projectDirPath = "";
			projectRoot = "";
			targets = (
				0B20F3D82C2C4DAA00F8D62D /* Clody_iOS */,
			);
		};
/* End PBXProject section */

/* Begin PBXResourcesBuildPhase section */
		0B20F3D72C2C4DAA00F8D62D /* Resources */ = {
			isa = PBXResourcesBuildPhase;
			buildActionMask = 2147483647;
			files = (
				0B20F3E62C2C4DAB00F8D62D /* Assets.xcassets in Resources */,
				0B20F3E92C2C4DAB00F8D62D /* Base in Resources */,
				2CE3AB2F2C36E9F50042085A /* Pretendard-Regular.otf in Resources */,
				2C0B3C862C30DD55002EB1A3 /* Pretendard-Medium.otf in Resources */,
				2C0B3C882C30DD5B002EB1A3 /* Pretendard-SemiBold.otf in Resources */,
			);
			runOnlyForDeploymentPostprocessing = 0;
		};
/* End PBXResourcesBuildPhase section */

/* Begin PBXSourcesBuildPhase section */
		0B20F3D52C2C4DAA00F8D62D /* Sources */ = {
			isa = PBXSourcesBuildPhase;
			buildActionMask = 2147483647;
			files = (
				95310F762C3C97A800023C7B /* ClodyBottomButton.swift in Sources */,
				2C0B3C822C30DB56002EB1A3 /* UIFont+.swift in Sources */,
				0BFCC5EE2C2F850400B5E0DB /* UIView+.swift in Sources */,
				0BFCC5DF2C2E8F1F00B5E0DB /* CalendarViewModel.swift in Sources */,
				95310F742C3C765C00023C7B /* ClodyTextField.swift in Sources */,
				0BFCC5CF2C2E8DAE00B5E0DB /* BaseTargetType.swift in Sources */,
				0BFCC5DA2C2E8F0200B5E0DB /* CalendarModel.swift in Sources */,
				0B20F3E12C2C4DAA00F8D62D /* ViewController.swift in Sources */,
				0B20F3DD2C2C4DAA00F8D62D /* AppDelegate.swift in Sources */,
				0BFCC5F32C306D3B00B5E0DB /* String.swift in Sources */,
				95310F722C3C39FE00023C7B /* ClodyNavigationBar.swift in Sources */,
				0BFCC5E12C2E8F2800B5E0DB /* CalendarView.swift in Sources */,
				0BFCC5F02C2F852D00B5E0DB /* UIStackView+.swift in Sources */,
				0BFCC5DD2C2E8F1300B5E0DB /* CalendarViewController.swift in Sources */,
				95A89E772C36EE4100E07ABC /* BaseView.swift in Sources */,
				0B20F3DF2C2C4DAA00F8D62D /* SceneDelegate.swift in Sources */,
				0BFCC5E32C2E8F5400B5E0DB /* CalenderDateCell.swift in Sources */,
			);
			runOnlyForDeploymentPostprocessing = 0;
		};
/* End PBXSourcesBuildPhase section */

/* Begin PBXVariantGroup section */
		0B20F3E72C2C4DAB00F8D62D /* LaunchScreen.storyboard */ = {
			isa = PBXVariantGroup;
			children = (
				0B20F3E82C2C4DAB00F8D62D /* Base */,
			);
			name = LaunchScreen.storyboard;
			sourceTree = "<group>";
		};
/* End PBXVariantGroup section */

/* Begin XCBuildConfiguration section */
		0B20F3EB2C2C4DAB00F8D62D /* Debug */ = {
			isa = XCBuildConfiguration;
			buildSettings = {
				ALWAYS_SEARCH_USER_PATHS = NO;
				ASSETCATALOG_COMPILER_GENERATE_SWIFT_ASSET_SYMBOL_EXTENSIONS = YES;
				CLANG_ANALYZER_NONNULL = YES;
				CLANG_ANALYZER_NUMBER_OBJECT_CONVERSION = YES_AGGRESSIVE;
				CLANG_CXX_LANGUAGE_STANDARD = "gnu++20";
				CLANG_ENABLE_MODULES = YES;
				CLANG_ENABLE_OBJC_ARC = YES;
				CLANG_ENABLE_OBJC_WEAK = YES;
				CLANG_WARN_BLOCK_CAPTURE_AUTORELEASING = YES;
				CLANG_WARN_BOOL_CONVERSION = YES;
				CLANG_WARN_COMMA = YES;
				CLANG_WARN_CONSTANT_CONVERSION = YES;
				CLANG_WARN_DEPRECATED_OBJC_IMPLEMENTATIONS = YES;
				CLANG_WARN_DIRECT_OBJC_ISA_USAGE = YES_ERROR;
				CLANG_WARN_DOCUMENTATION_COMMENTS = YES;
				CLANG_WARN_EMPTY_BODY = YES;
				CLANG_WARN_ENUM_CONVERSION = YES;
				CLANG_WARN_INFINITE_RECURSION = YES;
				CLANG_WARN_INT_CONVERSION = YES;
				CLANG_WARN_NON_LITERAL_NULL_CONVERSION = YES;
				CLANG_WARN_OBJC_IMPLICIT_RETAIN_SELF = YES;
				CLANG_WARN_OBJC_LITERAL_CONVERSION = YES;
				CLANG_WARN_OBJC_ROOT_CLASS = YES_ERROR;
				CLANG_WARN_QUOTED_INCLUDE_IN_FRAMEWORK_HEADER = YES;
				CLANG_WARN_RANGE_LOOP_ANALYSIS = YES;
				CLANG_WARN_STRICT_PROTOTYPES = YES;
				CLANG_WARN_SUSPICIOUS_MOVE = YES;
				CLANG_WARN_UNGUARDED_AVAILABILITY = YES_AGGRESSIVE;
				CLANG_WARN_UNREACHABLE_CODE = YES;
				CLANG_WARN__DUPLICATE_METHOD_MATCH = YES;
				COPY_PHASE_STRIP = NO;
				DEBUG_INFORMATION_FORMAT = dwarf;
				ENABLE_STRICT_OBJC_MSGSEND = YES;
				ENABLE_TESTABILITY = YES;
				ENABLE_USER_SCRIPT_SANDBOXING = YES;
				GCC_C_LANGUAGE_STANDARD = gnu17;
				GCC_DYNAMIC_NO_PIC = NO;
				GCC_NO_COMMON_BLOCKS = YES;
				GCC_OPTIMIZATION_LEVEL = 0;
				GCC_PREPROCESSOR_DEFINITIONS = (
					"DEBUG=1",
					"$(inherited)",
				);
				GCC_WARN_64_TO_32_BIT_CONVERSION = YES;
				GCC_WARN_ABOUT_RETURN_TYPE = YES_ERROR;
				GCC_WARN_UNDECLARED_SELECTOR = YES;
				GCC_WARN_UNINITIALIZED_AUTOS = YES_AGGRESSIVE;
				GCC_WARN_UNUSED_FUNCTION = YES;
				GCC_WARN_UNUSED_VARIABLE = YES;
				IPHONEOS_DEPLOYMENT_TARGET = 17.4;
				LOCALIZATION_PREFERS_STRING_CATALOGS = YES;
				MTL_ENABLE_DEBUG_INFO = INCLUDE_SOURCE;
				MTL_FAST_MATH = YES;
				ONLY_ACTIVE_ARCH = YES;
				SDKROOT = iphoneos;
				SWIFT_ACTIVE_COMPILATION_CONDITIONS = "DEBUG $(inherited)";
				SWIFT_OPTIMIZATION_LEVEL = "-Onone";
			};
			name = Debug;
		};
		0B20F3EC2C2C4DAB00F8D62D /* Release */ = {
			isa = XCBuildConfiguration;
			buildSettings = {
				ALWAYS_SEARCH_USER_PATHS = NO;
				ASSETCATALOG_COMPILER_GENERATE_SWIFT_ASSET_SYMBOL_EXTENSIONS = YES;
				CLANG_ANALYZER_NONNULL = YES;
				CLANG_ANALYZER_NUMBER_OBJECT_CONVERSION = YES_AGGRESSIVE;
				CLANG_CXX_LANGUAGE_STANDARD = "gnu++20";
				CLANG_ENABLE_MODULES = YES;
				CLANG_ENABLE_OBJC_ARC = YES;
				CLANG_ENABLE_OBJC_WEAK = YES;
				CLANG_WARN_BLOCK_CAPTURE_AUTORELEASING = YES;
				CLANG_WARN_BOOL_CONVERSION = YES;
				CLANG_WARN_COMMA = YES;
				CLANG_WARN_CONSTANT_CONVERSION = YES;
				CLANG_WARN_DEPRECATED_OBJC_IMPLEMENTATIONS = YES;
				CLANG_WARN_DIRECT_OBJC_ISA_USAGE = YES_ERROR;
				CLANG_WARN_DOCUMENTATION_COMMENTS = YES;
				CLANG_WARN_EMPTY_BODY = YES;
				CLANG_WARN_ENUM_CONVERSION = YES;
				CLANG_WARN_INFINITE_RECURSION = YES;
				CLANG_WARN_INT_CONVERSION = YES;
				CLANG_WARN_NON_LITERAL_NULL_CONVERSION = YES;
				CLANG_WARN_OBJC_IMPLICIT_RETAIN_SELF = YES;
				CLANG_WARN_OBJC_LITERAL_CONVERSION = YES;
				CLANG_WARN_OBJC_ROOT_CLASS = YES_ERROR;
				CLANG_WARN_QUOTED_INCLUDE_IN_FRAMEWORK_HEADER = YES;
				CLANG_WARN_RANGE_LOOP_ANALYSIS = YES;
				CLANG_WARN_STRICT_PROTOTYPES = YES;
				CLANG_WARN_SUSPICIOUS_MOVE = YES;
				CLANG_WARN_UNGUARDED_AVAILABILITY = YES_AGGRESSIVE;
				CLANG_WARN_UNREACHABLE_CODE = YES;
				CLANG_WARN__DUPLICATE_METHOD_MATCH = YES;
				COPY_PHASE_STRIP = NO;
				DEBUG_INFORMATION_FORMAT = "dwarf-with-dsym";
				ENABLE_NS_ASSERTIONS = NO;
				ENABLE_STRICT_OBJC_MSGSEND = YES;
				ENABLE_USER_SCRIPT_SANDBOXING = YES;
				GCC_C_LANGUAGE_STANDARD = gnu17;
				GCC_NO_COMMON_BLOCKS = YES;
				GCC_WARN_64_TO_32_BIT_CONVERSION = YES;
				GCC_WARN_ABOUT_RETURN_TYPE = YES_ERROR;
				GCC_WARN_UNDECLARED_SELECTOR = YES;
				GCC_WARN_UNINITIALIZED_AUTOS = YES_AGGRESSIVE;
				GCC_WARN_UNUSED_FUNCTION = YES;
				GCC_WARN_UNUSED_VARIABLE = YES;
				IPHONEOS_DEPLOYMENT_TARGET = 17.4;
				LOCALIZATION_PREFERS_STRING_CATALOGS = YES;
				MTL_ENABLE_DEBUG_INFO = NO;
				MTL_FAST_MATH = YES;
				SDKROOT = iphoneos;
				SWIFT_COMPILATION_MODE = wholemodule;
				VALIDATE_PRODUCT = YES;
			};
			name = Release;
		};
		0B20F3EE2C2C4DAB00F8D62D /* Debug */ = {
			isa = XCBuildConfiguration;
			buildSettings = {
				ASSETCATALOG_COMPILER_APPICON_NAME = AppIcon;
				ASSETCATALOG_COMPILER_GLOBAL_ACCENT_COLOR_NAME = AccentColor;
				CODE_SIGN_ENTITLEMENTS = Clody_iOS/Clody_iOS.entitlements;
				CODE_SIGN_STYLE = Automatic;
				CURRENT_PROJECT_VERSION = 1;
				DEVELOPMENT_TEAM = GKV299JR6D;
				GENERATE_INFOPLIST_FILE = YES;
				INFOPLIST_FILE = Clody_iOS/Info.plist;
				INFOPLIST_KEY_UIApplicationSupportsIndirectInputEvents = YES;
				INFOPLIST_KEY_UILaunchStoryboardName = LaunchScreen;
				INFOPLIST_KEY_UISupportedInterfaceOrientations_iPad = "UIInterfaceOrientationPortrait UIInterfaceOrientationPortraitUpsideDown UIInterfaceOrientationLandscapeLeft UIInterfaceOrientationLandscapeRight";
				INFOPLIST_KEY_UISupportedInterfaceOrientations_iPhone = "UIInterfaceOrientationPortrait UIInterfaceOrientationLandscapeLeft UIInterfaceOrientationLandscapeRight";
				IPHONEOS_DEPLOYMENT_TARGET = 15.0;
				LD_RUNPATH_SEARCH_PATHS = (
					"$(inherited)",
					"@executable_path/Frameworks",
				);
				MARKETING_VERSION = 1.0.0;
				PRODUCT_BUNDLE_IDENTIFIER = com.Clody.Clody;
				PRODUCT_NAME = "$(TARGET_NAME)";
				SWIFT_EMIT_LOC_STRINGS = YES;
				SWIFT_VERSION = 5.0;
				TARGETED_DEVICE_FAMILY = "1,2";
			};
			name = Debug;
		};
		0B20F3EF2C2C4DAB00F8D62D /* Release */ = {
			isa = XCBuildConfiguration;
			buildSettings = {
				ASSETCATALOG_COMPILER_APPICON_NAME = AppIcon;
				ASSETCATALOG_COMPILER_GLOBAL_ACCENT_COLOR_NAME = AccentColor;
				CODE_SIGN_ENTITLEMENTS = Clody_iOS/Clody_iOS.entitlements;
				CODE_SIGN_STYLE = Automatic;
				CURRENT_PROJECT_VERSION = 1;
				DEVELOPMENT_TEAM = GKV299JR6D;
				GENERATE_INFOPLIST_FILE = YES;
				INFOPLIST_FILE = Clody_iOS/Info.plist;
				INFOPLIST_KEY_UIApplicationSupportsIndirectInputEvents = YES;
				INFOPLIST_KEY_UILaunchStoryboardName = LaunchScreen;
				INFOPLIST_KEY_UISupportedInterfaceOrientations_iPad = "UIInterfaceOrientationPortrait UIInterfaceOrientationPortraitUpsideDown UIInterfaceOrientationLandscapeLeft UIInterfaceOrientationLandscapeRight";
				INFOPLIST_KEY_UISupportedInterfaceOrientations_iPhone = "UIInterfaceOrientationPortrait UIInterfaceOrientationLandscapeLeft UIInterfaceOrientationLandscapeRight";
				IPHONEOS_DEPLOYMENT_TARGET = 15.0;
				LD_RUNPATH_SEARCH_PATHS = (
					"$(inherited)",
					"@executable_path/Frameworks",
				);
				MARKETING_VERSION = 1.0.0;
				PRODUCT_BUNDLE_IDENTIFIER = com.Clody.Clody;
				PRODUCT_NAME = "$(TARGET_NAME)";
				SWIFT_EMIT_LOC_STRINGS = YES;
				SWIFT_VERSION = 5.0;
				TARGETED_DEVICE_FAMILY = "1,2";
			};
			name = Release;
		};
/* End XCBuildConfiguration section */

/* Begin XCConfigurationList section */
		0B20F3D42C2C4DAA00F8D62D /* Build configuration list for PBXProject "Clody_iOS" */ = {
			isa = XCConfigurationList;
			buildConfigurations = (
				0B20F3EB2C2C4DAB00F8D62D /* Debug */,
				0B20F3EC2C2C4DAB00F8D62D /* Release */,
			);
			defaultConfigurationIsVisible = 0;
			defaultConfigurationName = Release;
		};
		0B20F3ED2C2C4DAB00F8D62D /* Build configuration list for PBXNativeTarget "Clody_iOS" */ = {
			isa = XCConfigurationList;
			buildConfigurations = (
				0B20F3EE2C2C4DAB00F8D62D /* Debug */,
				0B20F3EF2C2C4DAB00F8D62D /* Release */,
			);
			defaultConfigurationIsVisible = 0;
			defaultConfigurationName = Release;
		};
/* End XCConfigurationList section */

/* Begin XCRemoteSwiftPackageReference section */
		0BCD4FA32C363C90006390D2 /* XCRemoteSwiftPackageReference "firebase-ios-sdk" */ = {
			isa = XCRemoteSwiftPackageReference;
			repositoryURL = "https://github.com/firebase/firebase-ios-sdk.git";
			requirement = {
				kind = upToNextMajorVersion;
				minimumVersion = 10.28.1;
			};
		};
		0BFCC5A42C2E843C00B5E0DB /* XCRemoteSwiftPackageReference "FSCalendar" */ = {
			isa = XCRemoteSwiftPackageReference;
			repositoryURL = "https://github.com/WenchaoD/FSCalendar";
			requirement = {
				kind = upToNextMajorVersion;
				minimumVersion = 2.8.4;
			};
		};
		0BFCC5A72C2E847300B5E0DB /* XCRemoteSwiftPackageReference "Moya" */ = {
			isa = XCRemoteSwiftPackageReference;
			repositoryURL = "https://github.com/Moya/Moya.git";
			requirement = {
				kind = upToNextMajorVersion;
				minimumVersion = 15.0.3;
			};
		};
		0BFCC5AA2C2E864C00B5E0DB /* XCRemoteSwiftPackageReference "SnapKit" */ = {
			isa = XCRemoteSwiftPackageReference;
			repositoryURL = "https://github.com/SnapKit/SnapKit.git";
			requirement = {
				kind = upToNextMajorVersion;
				minimumVersion = 5.7.1;
			};
		};
		0BFCC5AD2C2E865B00B5E0DB /* XCRemoteSwiftPackageReference "Then" */ = {
			isa = XCRemoteSwiftPackageReference;
			repositoryURL = "https://github.com/devxoul/Then";
			requirement = {
				kind = upToNextMajorVersion;
				minimumVersion = 3.0.0;
			};
		};
		0BFCC5B02C2E86EF00B5E0DB /* XCRemoteSwiftPackageReference "lottie-ios" */ = {
			isa = XCRemoteSwiftPackageReference;
			repositoryURL = "https://github.com/airbnb/lottie-ios.git";
			requirement = {
				kind = upToNextMajorVersion;
				minimumVersion = 4.4.3;
			};
		};
		0BFCC5B72C2E892300B5E0DB /* XCRemoteSwiftPackageReference "RxSwift" */ = {
			isa = XCRemoteSwiftPackageReference;
			repositoryURL = "https://github.com/ReactiveX/RxSwift";
			requirement = {
				kind = upToNextMajorVersion;
				minimumVersion = 6.7.1;
			};
		};
/* End XCRemoteSwiftPackageReference section */

/* Begin XCSwiftPackageProductDependency section */
		0BCD4FA42C363C90006390D2 /* FirebaseMessaging */ = {
			isa = XCSwiftPackageProductDependency;
			package = 0BCD4FA32C363C90006390D2 /* XCRemoteSwiftPackageReference "firebase-ios-sdk" */;
			productName = FirebaseMessaging;
		};
		0BFCC5A52C2E843C00B5E0DB /* FSCalendar */ = {
			isa = XCSwiftPackageProductDependency;
			package = 0BFCC5A42C2E843C00B5E0DB /* XCRemoteSwiftPackageReference "FSCalendar" */;
			productName = FSCalendar;
		};
		0BFCC5A82C2E847300B5E0DB /* Moya */ = {
			isa = XCSwiftPackageProductDependency;
			package = 0BFCC5A72C2E847300B5E0DB /* XCRemoteSwiftPackageReference "Moya" */;
			productName = Moya;
		};
		0BFCC5AB2C2E864C00B5E0DB /* SnapKit */ = {
			isa = XCSwiftPackageProductDependency;
			package = 0BFCC5AA2C2E864C00B5E0DB /* XCRemoteSwiftPackageReference "SnapKit" */;
			productName = SnapKit;
		};
		0BFCC5AE2C2E865B00B5E0DB /* Then */ = {
			isa = XCSwiftPackageProductDependency;
			package = 0BFCC5AD2C2E865B00B5E0DB /* XCRemoteSwiftPackageReference "Then" */;
			productName = Then;
		};
		0BFCC5B12C2E86EF00B5E0DB /* Lottie */ = {
			isa = XCSwiftPackageProductDependency;
			package = 0BFCC5B02C2E86EF00B5E0DB /* XCRemoteSwiftPackageReference "lottie-ios" */;
			productName = Lottie;
		};
		0BFCC5B82C2E892300B5E0DB /* RxBlocking */ = {
			isa = XCSwiftPackageProductDependency;
			package = 0BFCC5B72C2E892300B5E0DB /* XCRemoteSwiftPackageReference "RxSwift" */;
			productName = RxBlocking;
		};
		0BFCC5BA2C2E892300B5E0DB /* RxCocoa */ = {
			isa = XCSwiftPackageProductDependency;
			package = 0BFCC5B72C2E892300B5E0DB /* XCRemoteSwiftPackageReference "RxSwift" */;
			productName = RxCocoa;
		};
		0BFCC5BC2C2E892300B5E0DB /* RxRelay */ = {
			isa = XCSwiftPackageProductDependency;
			package = 0BFCC5B72C2E892300B5E0DB /* XCRemoteSwiftPackageReference "RxSwift" */;
			productName = RxRelay;
		};
/* End XCSwiftPackageProductDependency section */
	};
	rootObject = 0B20F3D12C2C4DAA00F8D62D /* Project object */;
}
