// !$*UTF8*$!
{
	archiveVersion = 1;
	classes = {
	};
	objectVersion = 56;
	objects = {

/* Begin PBXBuildFile section */
		0B20F3DD2C2C4DAA00F8D62D /* AppDelegate.swift in Sources */ = {isa = PBXBuildFile; fileRef = 0B20F3DC2C2C4DAA00F8D62D /* AppDelegate.swift */; };
		0B20F3DF2C2C4DAA00F8D62D /* SceneDelegate.swift in Sources */ = {isa = PBXBuildFile; fileRef = 0B20F3DE2C2C4DAA00F8D62D /* SceneDelegate.swift */; };
		0B20F3E12C2C4DAA00F8D62D /* ViewController.swift in Sources */ = {isa = PBXBuildFile; fileRef = 0B20F3E02C2C4DAA00F8D62D /* ViewController.swift */; };
		0B20F3E62C2C4DAB00F8D62D /* Assets.xcassets in Resources */ = {isa = PBXBuildFile; fileRef = 0B20F3E52C2C4DAB00F8D62D /* Assets.xcassets */; };
		0B20F3E92C2C4DAB00F8D62D /* Base in Resources */ = {isa = PBXBuildFile; fileRef = 0B20F3E82C2C4DAB00F8D62D /* Base */; };
		0BFCC5A62C2E843C00B5E0DB /* FSCalendar in Frameworks */ = {isa = PBXBuildFile; productRef = 0BFCC5A52C2E843C00B5E0DB /* FSCalendar */; };
		0BFCC5A92C2E847300B5E0DB /* Moya in Frameworks */ = {isa = PBXBuildFile; productRef = 0BFCC5A82C2E847300B5E0DB /* Moya */; };
		0BFCC5AC2C2E864C00B5E0DB /* SnapKit in Frameworks */ = {isa = PBXBuildFile; productRef = 0BFCC5AB2C2E864C00B5E0DB /* SnapKit */; };
		0BFCC5AF2C2E865B00B5E0DB /* Then in Frameworks */ = {isa = PBXBuildFile; productRef = 0BFCC5AE2C2E865B00B5E0DB /* Then */; };
		0BFCC5B22C2E86EF00B5E0DB /* Lottie in Frameworks */ = {isa = PBXBuildFile; productRef = 0BFCC5B12C2E86EF00B5E0DB /* Lottie */; };
/* End PBXBuildFile section */

/* Begin PBXFileReference section */
		0B20F3D92C2C4DAA00F8D62D /* Clody_iOS.app */ = {isa = PBXFileReference; explicitFileType = wrapper.application; includeInIndex = 0; path = Clody_iOS.app; sourceTree = BUILT_PRODUCTS_DIR; };
		0B20F3DC2C2C4DAA00F8D62D /* AppDelegate.swift */ = {isa = PBXFileReference; lastKnownFileType = sourcecode.swift; path = AppDelegate.swift; sourceTree = "<group>"; };
		0B20F3DE2C2C4DAA00F8D62D /* SceneDelegate.swift */ = {isa = PBXFileReference; lastKnownFileType = sourcecode.swift; path = SceneDelegate.swift; sourceTree = "<group>"; };
		0B20F3E02C2C4DAA00F8D62D /* ViewController.swift */ = {isa = PBXFileReference; lastKnownFileType = sourcecode.swift; path = ViewController.swift; sourceTree = "<group>"; };
		0B20F3E52C2C4DAB00F8D62D /* Assets.xcassets */ = {isa = PBXFileReference; lastKnownFileType = folder.assetcatalog; path = Assets.xcassets; sourceTree = "<group>"; };
		0B20F3E82C2C4DAB00F8D62D /* Base */ = {isa = PBXFileReference; lastKnownFileType = file.storyboard; name = Base; path = Base.lproj/LaunchScreen.storyboard; sourceTree = "<group>"; };
		0B20F3EA2C2C4DAB00F8D62D /* Info.plist */ = {isa = PBXFileReference; lastKnownFileType = text.plist.xml; path = Info.plist; sourceTree = "<group>"; };
/* End PBXFileReference section */

/* Begin PBXFrameworksBuildPhase section */
		0B20F3D62C2C4DAA00F8D62D /* Frameworks */ = {
			isa = PBXFrameworksBuildPhase;
			buildActionMask = 2147483647;
			files = (
				0BFCC5B22C2E86EF00B5E0DB /* Lottie in Frameworks */,
				0BFCC5AC2C2E864C00B5E0DB /* SnapKit in Frameworks */,
				0BFCC5A92C2E847300B5E0DB /* Moya in Frameworks */,
				0BFCC5A62C2E843C00B5E0DB /* FSCalendar in Frameworks */,
				0BFCC5AF2C2E865B00B5E0DB /* Then in Frameworks */,
			);
			runOnlyForDeploymentPostprocessing = 0;
		};
/* End PBXFrameworksBuildPhase section */

/* Begin PBXGroup section */
		0B20F3D02C2C4DAA00F8D62D = {
			isa = PBXGroup;
			children = (
				0B20F3DB2C2C4DAA00F8D62D /* Clody_iOS */,
				0B20F3DA2C2C4DAA00F8D62D /* Products */,
			);
			sourceTree = "<group>";
		};
		0B20F3DA2C2C4DAA00F8D62D /* Products */ = {
			isa = PBXGroup;
			children = (
				0B20F3D92C2C4DAA00F8D62D /* Clody_iOS.app */,
			);
			name = Products;
			sourceTree = "<group>";
		};
		0B20F3DB2C2C4DAA00F8D62D /* Clody_iOS */ = {
			isa = PBXGroup;
			children = (
				0B20F3DC2C2C4DAA00F8D62D /* AppDelegate.swift */,
				0B20F3DE2C2C4DAA00F8D62D /* SceneDelegate.swift */,
				0B20F3E02C2C4DAA00F8D62D /* ViewController.swift */,
				0B20F3E52C2C4DAB00F8D62D /* Assets.xcassets */,
				0B20F3E72C2C4DAB00F8D62D /* LaunchScreen.storyboard */,
				0B20F3EA2C2C4DAB00F8D62D /* Info.plist */,
			);
			path = Clody_iOS;
			sourceTree = "<group>";
		};
/* End PBXGroup section */

/* Begin PBXNativeTarget section */
		0B20F3D82C2C4DAA00F8D62D /* Clody_iOS */ = {
			isa = PBXNativeTarget;
			buildConfigurationList = 0B20F3ED2C2C4DAB00F8D62D /* Build configuration list for PBXNativeTarget "Clody_iOS" */;
			buildPhases = (
				0B20F3D52C2C4DAA00F8D62D /* Sources */,
				0B20F3D62C2C4DAA00F8D62D /* Frameworks */,
				0B20F3D72C2C4DAA00F8D62D /* Resources */,
			);
			buildRules = (
			);
			dependencies = (
			);
			name = Clody_iOS;
			packageProductDependencies = (
				0BFCC5A52C2E843C00B5E0DB /* FSCalendar */,
				0BFCC5A82C2E847300B5E0DB /* Moya */,
				0BFCC5AB2C2E864C00B5E0DB /* SnapKit */,
				0BFCC5AE2C2E865B00B5E0DB /* Then */,
				0BFCC5B12C2E86EF00B5E0DB /* Lottie */,
			);
			productName = Clody_iOS;
			productReference = 0B20F3D92C2C4DAA00F8D62D /* Clody_iOS.app */;
			productType = "com.apple.product-type.application";
		};
/* End PBXNativeTarget section */

/* Begin PBXProject section */
		0B20F3D12C2C4DAA00F8D62D /* Project object */ = {
			isa = PBXProject;
			attributes = {
				BuildIndependentTargetsInParallel = 1;
				LastSwiftUpdateCheck = 1530;
				LastUpgradeCheck = 1530;
				TargetAttributes = {
					0B20F3D82C2C4DAA00F8D62D = {
						CreatedOnToolsVersion = 15.3;
					};
				};
			};
			buildConfigurationList = 0B20F3D42C2C4DAA00F8D62D /* Build configuration list for PBXProject "Clody_iOS" */;
			compatibilityVersion = "Xcode 14.0";
			developmentRegion = en;
			hasScannedForEncodings = 0;
			knownRegions = (
				en,
				Base,
			);
			mainGroup = 0B20F3D02C2C4DAA00F8D62D;
			packageReferences = (
				0BFCC5A42C2E843C00B5E0DB /* XCRemoteSwiftPackageReference "FSCalendar" */,
				0BFCC5A72C2E847300B5E0DB /* XCRemoteSwiftPackageReference "Moya" */,
				0BFCC5AA2C2E864C00B5E0DB /* XCRemoteSwiftPackageReference "SnapKit" */,
				0BFCC5AD2C2E865B00B5E0DB /* XCRemoteSwiftPackageReference "Then" */,
				0BFCC5B02C2E86EF00B5E0DB /* XCRemoteSwiftPackageReference "lottie-ios" */,
			);
			productRefGroup = 0B20F3DA2C2C4DAA00F8D62D /* Products */;
			projectDirPath = "";
			projectRoot = "";
			targets = (
				0B20F3D82C2C4DAA00F8D62D /* Clody_iOS */,
			);
		};
/* End PBXProject section */

/* Begin PBXResourcesBuildPhase section */
		0B20F3D72C2C4DAA00F8D62D /* Resources */ = {
			isa = PBXResourcesBuildPhase;
			buildActionMask = 2147483647;
			files = (
				0B20F3E62C2C4DAB00F8D62D /* Assets.xcassets in Resources */,
				0B20F3E92C2C4DAB00F8D62D /* Base in Resources */,
			);
			runOnlyForDeploymentPostprocessing = 0;
		};
/* End PBXResourcesBuildPhase section */

/* Begin PBXSourcesBuildPhase section */
		0B20F3D52C2C4DAA00F8D62D /* Sources */ = {
			isa = PBXSourcesBuildPhase;
			buildActionMask = 2147483647;
			files = (
				0B20F3E12C2C4DAA00F8D62D /* ViewController.swift in Sources */,
				0B20F3DD2C2C4DAA00F8D62D /* AppDelegate.swift in Sources */,
				0B20F3DF2C2C4DAA00F8D62D /* SceneDelegate.swift in Sources */,
			);
			runOnlyForDeploymentPostprocessing = 0;
		};
/* End PBXSourcesBuildPhase section */

/* Begin PBXVariantGroup section */
		0B20F3E72C2C4DAB00F8D62D /* LaunchScreen.storyboard */ = {
			isa = PBXVariantGroup;
			children = (
				0B20F3E82C2C4DAB00F8D62D /* Base */,
			);
			name = LaunchScreen.storyboard;
			sourceTree = "<group>";
		};
/* End PBXVariantGroup section */

/* Begin XCBuildConfiguration section */
		0B20F3EB2C2C4DAB00F8D62D /* Debug */ = {
			isa = XCBuildConfiguration;
			buildSettings = {
				ALWAYS_SEARCH_USER_PATHS = NO;
				ASSETCATALOG_COMPILER_GENERATE_SWIFT_ASSET_SYMBOL_EXTENSIONS = YES;
				CLANG_ANALYZER_NONNULL = YES;
				CLANG_ANALYZER_NUMBER_OBJECT_CONVERSION = YES_AGGRESSIVE;
				CLANG_CXX_LANGUAGE_STANDARD = "gnu++20";
				CLANG_ENABLE_MODULES = YES;
				CLANG_ENABLE_OBJC_ARC = YES;
				CLANG_ENABLE_OBJC_WEAK = YES;
				CLANG_WARN_BLOCK_CAPTURE_AUTORELEASING = YES;
				CLANG_WARN_BOOL_CONVERSION = YES;
				CLANG_WARN_COMMA = YES;
				CLANG_WARN_CONSTANT_CONVERSION = YES;
				CLANG_WARN_DEPRECATED_OBJC_IMPLEMENTATIONS = YES;
				CLANG_WARN_DIRECT_OBJC_ISA_USAGE = YES_ERROR;
				CLANG_WARN_DOCUMENTATION_COMMENTS = YES;
				CLANG_WARN_EMPTY_BODY = YES;
				CLANG_WARN_ENUM_CONVERSION = YES;
				CLANG_WARN_INFINITE_RECURSION = YES;
				CLANG_WARN_INT_CONVERSION = YES;
				CLANG_WARN_NON_LITERAL_NULL_CONVERSION = YES;
				CLANG_WARN_OBJC_IMPLICIT_RETAIN_SELF = YES;
				CLANG_WARN_OBJC_LITERAL_CONVERSION = YES;
				CLANG_WARN_OBJC_ROOT_CLASS = YES_ERROR;
				CLANG_WARN_QUOTED_INCLUDE_IN_FRAMEWORK_HEADER = YES;
				CLANG_WARN_RANGE_LOOP_ANALYSIS = YES;
				CLANG_WARN_STRICT_PROTOTYPES = YES;
				CLANG_WARN_SUSPICIOUS_MOVE = YES;
				CLANG_WARN_UNGUARDED_AVAILABILITY = YES_AGGRESSIVE;
				CLANG_WARN_UNREACHABLE_CODE = YES;
				CLANG_WARN__DUPLICATE_METHOD_MATCH = YES;
				COPY_PHASE_STRIP = NO;
				DEBUG_INFORMATION_FORMAT = dwarf;
				ENABLE_STRICT_OBJC_MSGSEND = YES;
				ENABLE_TESTABILITY = YES;
				ENABLE_USER_SCRIPT_SANDBOXING = YES;
				GCC_C_LANGUAGE_STANDARD = gnu17;
				GCC_DYNAMIC_NO_PIC = NO;
				GCC_NO_COMMON_BLOCKS = YES;
				GCC_OPTIMIZATION_LEVEL = 0;
				GCC_PREPROCESSOR_DEFINITIONS = (
					"DEBUG=1",
					"$(inherited)",
				);
				GCC_WARN_64_TO_32_BIT_CONVERSION = YES;
				GCC_WARN_ABOUT_RETURN_TYPE = YES_ERROR;
				GCC_WARN_UNDECLARED_SELECTOR = YES;
				GCC_WARN_UNINITIALIZED_AUTOS = YES_AGGRESSIVE;
				GCC_WARN_UNUSED_FUNCTION = YES;
				GCC_WARN_UNUSED_VARIABLE = YES;
				IPHONEOS_DEPLOYMENT_TARGET = 17.4;
				LOCALIZATION_PREFERS_STRING_CATALOGS = YES;
				MTL_ENABLE_DEBUG_INFO = INCLUDE_SOURCE;
				MTL_FAST_MATH = YES;
				ONLY_ACTIVE_ARCH = YES;
				SDKROOT = iphoneos;
				SWIFT_ACTIVE_COMPILATION_CONDITIONS = "DEBUG $(inherited)";
				SWIFT_OPTIMIZATION_LEVEL = "-Onone";
			};
			name = Debug;
		};
		0B20F3EC2C2C4DAB00F8D62D /* Release */ = {
			isa = XCBuildConfiguration;
			buildSettings = {
				ALWAYS_SEARCH_USER_PATHS = NO;
				ASSETCATALOG_COMPILER_GENERATE_SWIFT_ASSET_SYMBOL_EXTENSIONS = YES;
				CLANG_ANALYZER_NONNULL = YES;
				CLANG_ANALYZER_NUMBER_OBJECT_CONVERSION = YES_AGGRESSIVE;
				CLANG_CXX_LANGUAGE_STANDARD = "gnu++20";
				CLANG_ENABLE_MODULES = YES;
				CLANG_ENABLE_OBJC_ARC = YES;
				CLANG_ENABLE_OBJC_WEAK = YES;
				CLANG_WARN_BLOCK_CAPTURE_AUTORELEASING = YES;
				CLANG_WARN_BOOL_CONVERSION = YES;
				CLANG_WARN_COMMA = YES;
				CLANG_WARN_CONSTANT_CONVERSION = YES;
				CLANG_WARN_DEPRECATED_OBJC_IMPLEMENTATIONS = YES;
				CLANG_WARN_DIRECT_OBJC_ISA_USAGE = YES_ERROR;
				CLANG_WARN_DOCUMENTATION_COMMENTS = YES;
				CLANG_WARN_EMPTY_BODY = YES;
				CLANG_WARN_ENUM_CONVERSION = YES;
				CLANG_WARN_INFINITE_RECURSION = YES;
				CLANG_WARN_INT_CONVERSION = YES;
				CLANG_WARN_NON_LITERAL_NULL_CONVERSION = YES;
				CLANG_WARN_OBJC_IMPLICIT_RETAIN_SELF = YES;
				CLANG_WARN_OBJC_LITERAL_CONVERSION = YES;
				CLANG_WARN_OBJC_ROOT_CLASS = YES_ERROR;
				CLANG_WARN_QUOTED_INCLUDE_IN_FRAMEWORK_HEADER = YES;
				CLANG_WARN_RANGE_LOOP_ANALYSIS = YES;
				CLANG_WARN_STRICT_PROTOTYPES = YES;
				CLANG_WARN_SUSPICIOUS_MOVE = YES;
				CLANG_WARN_UNGUARDED_AVAILABILITY = YES_AGGRESSIVE;
				CLANG_WARN_UNREACHABLE_CODE = YES;
				CLANG_WARN__DUPLICATE_METHOD_MATCH = YES;
				COPY_PHASE_STRIP = NO;
				DEBUG_INFORMATION_FORMAT = "dwarf-with-dsym";
				ENABLE_NS_ASSERTIONS = NO;
				ENABLE_STRICT_OBJC_MSGSEND = YES;
				ENABLE_USER_SCRIPT_SANDBOXING = YES;
				GCC_C_LANGUAGE_STANDARD = gnu17;
				GCC_NO_COMMON_BLOCKS = YES;
				GCC_WARN_64_TO_32_BIT_CONVERSION = YES;
				GCC_WARN_ABOUT_RETURN_TYPE = YES_ERROR;
				GCC_WARN_UNDECLARED_SELECTOR = YES;
				GCC_WARN_UNINITIALIZED_AUTOS = YES_AGGRESSIVE;
				GCC_WARN_UNUSED_FUNCTION = YES;
				GCC_WARN_UNUSED_VARIABLE = YES;
				IPHONEOS_DEPLOYMENT_TARGET = 17.4;
				LOCALIZATION_PREFERS_STRING_CATALOGS = YES;
				MTL_ENABLE_DEBUG_INFO = NO;
				MTL_FAST_MATH = YES;
				SDKROOT = iphoneos;
				SWIFT_COMPILATION_MODE = wholemodule;
				VALIDATE_PRODUCT = YES;
			};
			name = Release;
		};
		0B20F3EE2C2C4DAB00F8D62D /* Debug */ = {
			isa = XCBuildConfiguration;
			buildSettings = {
				ASSETCATALOG_COMPILER_APPICON_NAME = AppIcon;
				ASSETCATALOG_COMPILER_GLOBAL_ACCENT_COLOR_NAME = AccentColor;
				CODE_SIGN_STYLE = Automatic;
				CURRENT_PROJECT_VERSION = 1;
				DEVELOPMENT_TEAM = Q7F3S7B9JL;
				GENERATE_INFOPLIST_FILE = YES;
				INFOPLIST_FILE = Clody_iOS/Info.plist;
				INFOPLIST_KEY_UIApplicationSupportsIndirectInputEvents = YES;
				INFOPLIST_KEY_UILaunchStoryboardName = LaunchScreen;
				INFOPLIST_KEY_UISupportedInterfaceOrientations_iPad = "UIInterfaceOrientationPortrait UIInterfaceOrientationPortraitUpsideDown UIInterfaceOrientationLandscapeLeft UIInterfaceOrientationLandscapeRight";
				INFOPLIST_KEY_UISupportedInterfaceOrientations_iPhone = "UIInterfaceOrientationPortrait UIInterfaceOrientationLandscapeLeft UIInterfaceOrientationLandscapeRight";
				IPHONEOS_DEPLOYMENT_TARGET = 15.0;
				LD_RUNPATH_SEARCH_PATHS = (
					"$(inherited)",
					"@executable_path/Frameworks",
				);
				MARKETING_VERSION = 1.0;
				PRODUCT_BUNDLE_IDENTIFIER = "com.Clody.Clody-iOS";
				PRODUCT_NAME = "$(TARGET_NAME)";
				SWIFT_EMIT_LOC_STRINGS = YES;
				SWIFT_VERSION = 5.0;
				TARGETED_DEVICE_FAMILY = "1,2";
			};
			name = Debug;
		};
		0B20F3EF2C2C4DAB00F8D62D /* Release */ = {
			isa = XCBuildConfiguration;
			buildSettings = {
				ASSETCATALOG_COMPILER_APPICON_NAME = AppIcon;
				ASSETCATALOG_COMPILER_GLOBAL_ACCENT_COLOR_NAME = AccentColor;
				CODE_SIGN_STYLE = Automatic;
				CURRENT_PROJECT_VERSION = 1;
				DEVELOPMENT_TEAM = Q7F3S7B9JL;
				GENERATE_INFOPLIST_FILE = YES;
				INFOPLIST_FILE = Clody_iOS/Info.plist;
				INFOPLIST_KEY_UIApplicationSupportsIndirectInputEvents = YES;
				INFOPLIST_KEY_UILaunchStoryboardName = LaunchScreen;
				INFOPLIST_KEY_UISupportedInterfaceOrientations_iPad = "UIInterfaceOrientationPortrait UIInterfaceOrientationPortraitUpsideDown UIInterfaceOrientationLandscapeLeft UIInterfaceOrientationLandscapeRight";
				INFOPLIST_KEY_UISupportedInterfaceOrientations_iPhone = "UIInterfaceOrientationPortrait UIInterfaceOrientationLandscapeLeft UIInterfaceOrientationLandscapeRight";
				IPHONEOS_DEPLOYMENT_TARGET = 15.0;
				LD_RUNPATH_SEARCH_PATHS = (
					"$(inherited)",
					"@executable_path/Frameworks",
				);
				MARKETING_VERSION = 1.0;
				PRODUCT_BUNDLE_IDENTIFIER = "com.Clody.Clody-iOS";
				PRODUCT_NAME = "$(TARGET_NAME)";
				SWIFT_EMIT_LOC_STRINGS = YES;
				SWIFT_VERSION = 5.0;
				TARGETED_DEVICE_FAMILY = "1,2";
			};
			name = Release;
		};
/* End XCBuildConfiguration section */

/* Begin XCConfigurationList section */
		0B20F3D42C2C4DAA00F8D62D /* Build configuration list for PBXProject "Clody_iOS" */ = {
			isa = XCConfigurationList;
			buildConfigurations = (
				0B20F3EB2C2C4DAB00F8D62D /* Debug */,
				0B20F3EC2C2C4DAB00F8D62D /* Release */,
			);
			defaultConfigurationIsVisible = 0;
			defaultConfigurationName = Release;
		};
		0B20F3ED2C2C4DAB00F8D62D /* Build configuration list for PBXNativeTarget "Clody_iOS" */ = {
			isa = XCConfigurationList;
			buildConfigurations = (
				0B20F3EE2C2C4DAB00F8D62D /* Debug */,
				0B20F3EF2C2C4DAB00F8D62D /* Release */,
			);
			defaultConfigurationIsVisible = 0;
			defaultConfigurationName = Release;
		};
/* End XCConfigurationList section */

/* Begin XCRemoteSwiftPackageReference section */
		0BFCC5A42C2E843C00B5E0DB /* XCRemoteSwiftPackageReference "FSCalendar" */ = {
			isa = XCRemoteSwiftPackageReference;
			repositoryURL = "https://github.com/WenchaoD/FSCalendar";
			requirement = {
				kind = upToNextMajorVersion;
				minimumVersion = 2.8.4;
			};
		};
		0BFCC5A72C2E847300B5E0DB /* XCRemoteSwiftPackageReference "Moya" */ = {
			isa = XCRemoteSwiftPackageReference;
			repositoryURL = "https://github.com/Moya/Moya.git";
			requirement = {
				kind = upToNextMajorVersion;
				minimumVersion = 15.0.3;
			};
		};
		0BFCC5AA2C2E864C00B5E0DB /* XCRemoteSwiftPackageReference "SnapKit" */ = {
			isa = XCRemoteSwiftPackageReference;
			repositoryURL = "https://github.com/SnapKit/SnapKit.git";
			requirement = {
				kind = upToNextMajorVersion;
				minimumVersion = 5.7.1;
			};
		};
		0BFCC5AD2C2E865B00B5E0DB /* XCRemoteSwiftPackageReference "Then" */ = {
			isa = XCRemoteSwiftPackageReference;
			repositoryURL = "https://github.com/devxoul/Then";
			requirement = {
				kind = upToNextMajorVersion;
				minimumVersion = 3.0.0;
			};
		};
		0BFCC5B02C2E86EF00B5E0DB /* XCRemoteSwiftPackageReference "lottie-ios" */ = {
			isa = XCRemoteSwiftPackageReference;
			repositoryURL = "https://github.com/airbnb/lottie-ios.git";
			requirement = {
				kind = upToNextMajorVersion;
				minimumVersion = 4.4.3;
			};
		};
/* End XCRemoteSwiftPackageReference section */

/* Begin XCSwiftPackageProductDependency section */
		0BFCC5A52C2E843C00B5E0DB /* FSCalendar */ = {
			isa = XCSwiftPackageProductDependency;
			package = 0BFCC5A42C2E843C00B5E0DB /* XCRemoteSwiftPackageReference "FSCalendar" */;
			productName = FSCalendar;
		};
		0BFCC5A82C2E847300B5E0DB /* Moya */ = {
			isa = XCSwiftPackageProductDependency;
			package = 0BFCC5A72C2E847300B5E0DB /* XCRemoteSwiftPackageReference "Moya" */;
			productName = Moya;
		};
		0BFCC5AB2C2E864C00B5E0DB /* SnapKit */ = {
			isa = XCSwiftPackageProductDependency;
			package = 0BFCC5AA2C2E864C00B5E0DB /* XCRemoteSwiftPackageReference "SnapKit" */;
			productName = SnapKit;
		};
		0BFCC5AE2C2E865B00B5E0DB /* Then */ = {
			isa = XCSwiftPackageProductDependency;
			package = 0BFCC5AD2C2E865B00B5E0DB /* XCRemoteSwiftPackageReference "Then" */;
			productName = Then;
		};
		0BFCC5B12C2E86EF00B5E0DB /* Lottie */ = {
			isa = XCSwiftPackageProductDependency;
			package = 0BFCC5B02C2E86EF00B5E0DB /* XCRemoteSwiftPackageReference "lottie-ios" */;
			productName = Lottie;
		};
/* End XCSwiftPackageProductDependency section */
	};
	rootObject = 0B20F3D12C2C4DAA00F8D62D /* Project object */;
}
